
Microsoft Visual Studio Solution File, Format Version 12.00
# Visual Studio Version 17
VisualStudioVersion = 17.0.31903.59
MinimumVisualStudioVersion = 10.0.40219.1
Project("{9A19103F-16F7-4668-BE54-9A1E7A4F7556}") = "JWTAuth", "JWTAuth\JWTAuth.csproj", "{BC751B7E-AC83-4E4D-8526-A3FACA499B91}"
EndProject
Project("{9A19103F-16F7-4668-BE54-9A1E7A4F7556}") = "JWTAuth.Entities", "JWTAuth.Entities\JWTAuth.Entities.csproj", "{BE75B0A7-6CB6-4EC9-90E5-E2EEB3699D0B}"
EndProject
Project("{9A19103F-16F7-4668-BE54-9A1E7A4F7556}") = "JWTAuth.Db", "JWTAuth.Db\JWTAuth.Db.csproj", "{DEC860DD-AA42-41CF-9885-33C774A2CC93}"
EndProject
Project("{9A19103F-16F7-4668-BE54-9A1E7A4F7556}") = "JWTAuth.Core", "JWTAuth.Core\JWTAuth.Core.csproj", "{EC5A7363-B4E5-47F8-9CEF-79604E2FDDC5}"
EndProject
Project("{FAE04EC0-301F-11D3-BF4B-00C04F79EFBC}") = "JWTAuth.Tests.Unit", "JWTAuth.Tests.Unit\JWTAuth.Tests.Unit.csproj", "{4EAB54BC-08E3-4BA0-B393-FE4875A5F849}"
EndProject
Project("{FAE04EC0-301F-11D3-BF4B-00C04F79EFBC}") = "JWTAuth.Tests.Integration", "JWTAuth.Tests.Integration\JWTAuth.Tests.Integration.csproj", "{BCA9ABDE-CEB0-453C-9630-80CC8A73E517}"
EndProject
Project("{FAE04EC0-301F-11D3-BF4B-00C04F79EFBC}") = "JWTAuth.Tests.Browser", "JWTAuth.Tests.Browser\JWTAuth.Tests.Browser.csproj", "{42C9AFBF-675F-4B06-8F76-CB5CA51F186B}"
EndProject
Global
	GlobalSection(SolutionConfigurationPlatforms) = preSolution
		Debug|Any CPU = Debug|Any CPU
		Debug|x64 = Debug|x64
		Debug|x86 = Debug|x86
		Release|Any CPU = Release|Any CPU
		Release|x64 = Release|x64
		Release|x86 = Release|x86
	EndGlobalSection
	GlobalSection(ProjectConfigurationPlatforms) = postSolution
		{BC751B7E-AC83-4E4D-8526-A3FACA499B91}.Debug|Any CPU.ActiveCfg = Debug|Any CPU
		{BC751B7E-AC83-4E4D-8526-A3FACA499B91}.Debug|Any CPU.Build.0 = Debug|Any CPU
		{BC751B7E-AC83-4E4D-8526-A3FACA499B91}.Debug|x64.ActiveCfg = Debug|Any CPU
		{BC751B7E-AC83-4E4D-8526-A3FACA499B91}.Debug|x64.Build.0 = Debug|Any CPU
		{BC751B7E-AC83-4E4D-8526-A3FACA499B91}.Debug|x86.ActiveCfg = Debug|Any CPU
		{BC751B7E-AC83-4E4D-8526-A3FACA499B91}.Debug|x86.Build.0 = Debug|Any CPU
		{BC751B7E-AC83-4E4D-8526-A3FACA499B91}.Release|Any CPU.ActiveCfg = Release|Any CPU
		{BC751B7E-AC83-4E4D-8526-A3FACA499B91}.Release|Any CPU.Build.0 = Release|Any CPU
		{BC751B7E-AC83-4E4D-8526-A3FACA499B91}.Release|x64.ActiveCfg = Release|Any CPU
		{BC751B7E-AC83-4E4D-8526-A3FACA499B91}.Release|x64.Build.0 = Release|Any CPU
		{BC751B7E-AC83-4E4D-8526-A3FACA499B91}.Release|x86.ActiveCfg = Release|Any CPU
		{BC751B7E-AC83-4E4D-8526-A3FACA499B91}.Release|x86.Build.0 = Release|Any CPU
		{BE75B0A7-6CB6-4EC9-90E5-E2EEB3699D0B}.Debug|Any CPU.ActiveCfg = Debug|Any CPU
		{BE75B0A7-6CB6-4EC9-90E5-E2EEB3699D0B}.Debug|Any CPU.Build.0 = Debug|Any CPU
		{BE75B0A7-6CB6-4EC9-90E5-E2EEB3699D0B}.Debug|x64.ActiveCfg = Debug|Any CPU
		{BE75B0A7-6CB6-4EC9-90E5-E2EEB3699D0B}.Debug|x64.Build.0 = Debug|Any CPU
		{BE75B0A7-6CB6-4EC9-90E5-E2EEB3699D0B}.Debug|x86.ActiveCfg = Debug|Any CPU
		{BE75B0A7-6CB6-4EC9-90E5-E2EEB3699D0B}.Debug|x86.Build.0 = Debug|Any CPU
		{BE75B0A7-6CB6-4EC9-90E5-E2EEB3699D0B}.Release|Any CPU.ActiveCfg = Release|Any CPU
		{BE75B0A7-6CB6-4EC9-90E5-E2EEB3699D0B}.Release|Any CPU.Build.0 = Release|Any CPU
		{BE75B0A7-6CB6-4EC9-90E5-E2EEB3699D0B}.Release|x64.ActiveCfg = Release|Any CPU
		{BE75B0A7-6CB6-4EC9-90E5-E2EEB3699D0B}.Release|x64.Build.0 = Release|Any CPU
		{BE75B0A7-6CB6-4EC9-90E5-E2EEB3699D0B}.Release|x86.ActiveCfg = Release|Any CPU
		{BE75B0A7-6CB6-4EC9-90E5-E2EEB3699D0B}.Release|x86.Build.0 = Release|Any CPU
		{DEC860DD-AA42-41CF-9885-33C774A2CC93}.Debug|Any CPU.ActiveCfg = Debug|Any CPU
		{DEC860DD-AA42-41CF-9885-33C774A2CC93}.Debug|Any CPU.Build.0 = Debug|Any CPU
		{DEC860DD-AA42-41CF-9885-33C774A2CC93}.Debug|x64.ActiveCfg = Debug|Any CPU
		{DEC860DD-AA42-41CF-9885-33C774A2CC93}.Debug|x64.Build.0 = Debug|Any CPU
		{DEC860DD-AA42-41CF-9885-33C774A2CC93}.Debug|x86.ActiveCfg = Debug|Any CPU
		{DEC860DD-AA42-41CF-9885-33C774A2CC93}.Debug|x86.Build.0 = Debug|Any CPU
		{DEC860DD-AA42-41CF-9885-33C774A2CC93}.Release|Any CPU.ActiveCfg = Release|Any CPU
		{DEC860DD-AA42-41CF-9885-33C774A2CC93}.Release|Any CPU.Build.0 = Release|Any CPU
		{DEC860DD-AA42-41CF-9885-33C774A2CC93}.Release|x64.ActiveCfg = Release|Any CPU
		{DEC860DD-AA42-41CF-9885-33C774A2CC93}.Release|x64.Build.0 = Release|Any CPU
		{DEC860DD-AA42-41CF-9885-33C774A2CC93}.Release|x86.ActiveCfg = Release|Any CPU
		{DEC860DD-AA42-41CF-9885-33C774A2CC93}.Release|x86.Build.0 = Release|Any CPU
		{EC5A7363-B4E5-47F8-9CEF-79604E2FDDC5}.Debug|Any CPU.ActiveCfg = Debug|Any CPU
		{EC5A7363-B4E5-47F8-9CEF-79604E2FDDC5}.Debug|Any CPU.Build.0 = Debug|Any CPU
		{EC5A7363-B4E5-47F8-9CEF-79604E2FDDC5}.Debug|x64.ActiveCfg = Debug|Any CPU
		{EC5A7363-B4E5-47F8-9CEF-79604E2FDDC5}.Debug|x64.Build.0 = Debug|Any CPU
		{EC5A7363-B4E5-47F8-9CEF-79604E2FDDC5}.Debug|x86.ActiveCfg = Debug|Any CPU
		{EC5A7363-B4E5-47F8-9CEF-79604E2FDDC5}.Debug|x86.Build.0 = Debug|Any CPU
		{EC5A7363-B4E5-47F8-9CEF-79604E2FDDC5}.Release|Any CPU.ActiveCfg = Release|Any CPU
		{EC5A7363-B4E5-47F8-9CEF-79604E2FDDC5}.Release|Any CPU.Build.0 = Release|Any CPU
		{EC5A7363-B4E5-47F8-9CEF-79604E2FDDC5}.Release|x64.ActiveCfg = Release|Any CPU
		{EC5A7363-B4E5-47F8-9CEF-79604E2FDDC5}.Release|x64.Build.0 = Release|Any CPU
		{EC5A7363-B4E5-47F8-9CEF-79604E2FDDC5}.Release|x86.ActiveCfg = Release|Any CPU
		{EC5A7363-B4E5-47F8-9CEF-79604E2FDDC5}.Release|x86.Build.0 = Release|Any CPU
		{4EAB54BC-08E3-4BA0-B393-FE4875A5F849}.Debug|Any CPU.ActiveCfg = Debug|Any CPU
		{4EAB54BC-08E3-4BA0-B393-FE4875A5F849}.Debug|Any CPU.Build.0 = Debug|Any CPU
		{4EAB54BC-08E3-4BA0-B393-FE4875A5F849}.Debug|x64.ActiveCfg = Debug|Any CPU
		{4EAB54BC-08E3-4BA0-B393-FE4875A5F849}.Debug|x64.Build.0 = Debug|Any CPU
		{4EAB54BC-08E3-4BA0-B393-FE4875A5F849}.Debug|x86.ActiveCfg = Debug|Any CPU
		{4EAB54BC-08E3-4BA0-B393-FE4875A5F849}.Debug|x86.Build.0 = Debug|Any CPU
		{4EAB54BC-08E3-4BA0-B393-FE4875A5F849}.Release|Any CPU.ActiveCfg = Release|Any CPU
		{4EAB54BC-08E3-4BA0-B393-FE4875A5F849}.Release|Any CPU.Build.0 = Release|Any CPU
		{4EAB54BC-08E3-4BA0-B393-FE4875A5F849}.Release|x64.ActiveCfg = Release|Any CPU
		{4EAB54BC-08E3-4BA0-B393-FE4875A5F849}.Release|x64.Build.0 = Release|Any CPU
		{4EAB54BC-08E3-4BA0-B393-FE4875A5F849}.Release|x86.ActiveCfg = Release|Any CPU
		{4EAB54BC-08E3-4BA0-B393-FE4875A5F849}.Release|x86.Build.0 = Release|Any CPU
		{BCA9ABDE-CEB0-453C-9630-80CC8A73E517}.Debug|Any CPU.ActiveCfg = Debug|Any CPU
		{BCA9ABDE-CEB0-453C-9630-80CC8A73E517}.Debug|Any CPU.Build.0 = Debug|Any CPU
		{BCA9ABDE-CEB0-453C-9630-80CC8A73E517}.Debug|x64.ActiveCfg = Debug|Any CPU
		{BCA9ABDE-CEB0-453C-9630-80CC8A73E517}.Debug|x64.Build.0 = Debug|Any CPU
		{BCA9ABDE-CEB0-453C-9630-80CC8A73E517}.Debug|x86.ActiveCfg = Debug|Any CPU
		{BCA9ABDE-CEB0-453C-9630-80CC8A73E517}.Debug|x86.Build.0 = Debug|Any CPU
		{BCA9ABDE-CEB0-453C-9630-80CC8A73E517}.Release|Any CPU.ActiveCfg = Release|Any CPU
		{BCA9ABDE-CEB0-453C-9630-80CC8A73E517}.Release|Any CPU.Build.0 = Release|Any CPU
		{BCA9ABDE-CEB0-453C-9630-80CC8A73E517}.Release|x64.ActiveCfg = Release|Any CPU
		{BCA9ABDE-CEB0-453C-9630-80CC8A73E517}.Release|x64.Build.0 = Release|Any CPU
		{BCA9ABDE-CEB0-453C-9630-80CC8A73E517}.Release|x86.ActiveCfg = Release|Any CPU
		{BCA9ABDE-CEB0-453C-9630-80CC8A73E517}.Release|x86.Build.0 = Release|Any CPU
		{42C9AFBF-675F-4B06-8F76-CB5CA51F186B}.Debug|Any CPU.ActiveCfg = Debug|Any CPU
		{42C9AFBF-675F-4B06-8F76-CB5CA51F186B}.Debug|Any CPU.Build.0 = Debug|Any CPU
		{42C9AFBF-675F-4B06-8F76-CB5CA51F186B}.Debug|x64.ActiveCfg = Debug|Any CPU
		{42C9AFBF-675F-4B06-8F76-CB5CA51F186B}.Debug|x64.Build.0 = Debug|Any CPU
		{42C9AFBF-675F-4B06-8F76-CB5CA51F186B}.Debug|x86.ActiveCfg = Debug|Any CPU
		{42C9AFBF-675F-4B06-8F76-CB5CA51F186B}.Debug|x86.Build.0 = Debug|Any CPU
		{42C9AFBF-675F-4B06-8F76-CB5CA51F186B}.Release|Any CPU.ActiveCfg = Release|Any CPU
		{42C9AFBF-675F-4B06-8F76-CB5CA51F186B}.Release|Any CPU.Build.0 = Release|Any CPU
		{42C9AFBF-675F-4B06-8F76-CB5CA51F186B}.Release|x64.ActiveCfg = Release|Any CPU
		{42C9AFBF-675F-4B06-8F76-CB5CA51F186B}.Release|x64.Build.0 = Release|Any CPU
		{42C9AFBF-675F-4B06-8F76-CB5CA51F186B}.Release|x86.ActiveCfg = Release|Any CPU
		{42C9AFBF-675F-4B06-8F76-CB5CA51F186B}.Release|x86.Build.0 = Release|Any CPU
	EndGlobalSection
	GlobalSection(SolutionProperties) = preSolution
		HideSolutionNode = FALSE
	EndGlobalSection
	GlobalSection(ExtensibilityGlobals) = postSolution
		SolutionGuid = {AD1B67E2-513D-419A-97A7-432A8307DC37}
	EndGlobalSection
EndGlobal
